
Microsoft Visual Studio Solution File, Format Version 12.00
# Visual Studio Version 17
VisualStudioVersion = 17.8.34330.188
MinimumVisualStudioVersion = 10.0.40219.1
Project("{9A19103F-16F7-4668-BE54-9A1E7A4F7556}") = "CA_string_builder", "CA_string_builder\CA_string_builder.csproj", "{C54E7E7E-B5C4-4C61-97EB-105523193743}"
EndProject
Project("{9A19103F-16F7-4668-BE54-9A1E7A4F7556}") = "CA_area_of_rectangle", "CA_area_of_rectangle\CA_area_of_rectangle.csproj", "{04A59197-6B82-45E5-BAFC-F6E7D9953206}"
EndProject
Project("{9A19103F-16F7-4668-BE54-9A1E7A4F7556}") = "CA_deleteLastChar", "CA_deleteLastChar\CA_deleteLastChar.csproj", "{EB276365-2F2B-4B8A-BC48-DBDA916522B8}"
EndProject
Project("{9A19103F-16F7-4668-BE54-9A1E7A4F7556}") = "CA_logical_and", "CA_logical_and\CA_logical_and.csproj", "{FC1D1F79-1355-4EFA-BFD7-3BC8F7B34CF3}"
EndProject
Project("{9A19103F-16F7-4668-BE54-9A1E7A4F7556}") = "CA_convert_to_seconds", "CA_convert_to_seconds\CA_convert_to_seconds.csproj", "{CD814854-8972-49D4-B838-927F6E47AB9E}"
EndProject
Project("{9A19103F-16F7-4668-BE54-9A1E7A4F7556}") = "CA_isEvenOrOdd", "isEvenOrOdd\CA_isEvenOrOdd.csproj", "{77B01789-F9C5-44FF-A646-48CE70C000F8}"
EndProject
Project("{9A19103F-16F7-4668-BE54-9A1E7A4F7556}") = "CA_kSumSubset", "kSumSubset\CA_kSumSubset.csproj", "{F94E83B9-C3C8-42E3-AA9A-C42F6230CDC2}"
EndProject
Project("{9A19103F-16F7-4668-BE54-9A1E7A4F7556}") = "CA_Decimal_places", "Decimal_places\CA_Decimal_places.csproj", "{94DE9F68-B3D8-4194-A8A0-CEE7DDDAD4F6}"
EndProject
Project("{9A19103F-16F7-4668-BE54-9A1E7A4F7556}") = "CA_convertPercent", "convertPercent\CA_convertPercent.csproj", "{0265F21D-4FEA-4DCB-A115-BE64A39C8EEC}"
EndProject
Project("{9A19103F-16F7-4668-BE54-9A1E7A4F7556}") = "CA_get_duplicate_elements", "CA_get_duplicate_elements\CA_get_duplicate_elements.csproj", "{F86B995F-82DA-4B6C-AC6A-C63914D904B8}"
EndProject
Project("{9A19103F-16F7-4668-BE54-9A1E7A4F7556}") = "CA_stringCheck", "CA_stringCheck\CA_stringCheck.csproj", "{1868467A-0FCC-46B7-AFB2-D4FE52697EF0}"
EndProject
Project("{9A19103F-16F7-4668-BE54-9A1E7A4F7556}") = "CA_number_sum", "CA_number_sum\CA_number_sum.csproj", "{6AB6F869-62BC-4E6B-BEE1-F573D28FAA45}"
EndProject
Project("{9A19103F-16F7-4668-BE54-9A1E7A4F7556}") = "CA_sum_two_smallest_nums", "CA_sum_two_smallest_nums\CA_sum_two_smallest_nums.csproj", "{8BC26DF5-8625-4898-B874-77708350D953}"
EndProject
Project("{9A19103F-16F7-4668-BE54-9A1E7A4F7556}") = "CA_input_type", "CA_input_type\CA_input_type.csproj", "{E35AD494-155B-442E-8732-97E44C347F12}"
EndProject
Project("{9A19103F-16F7-4668-BE54-9A1E7A4F7556}") = "CA_word_repeat", "CA_word_repeat\CA_word_repeat.csproj", "{6A1212CF-0FDB-4748-A072-C962BAEF0680}"
EndProject
Project("{9A19103F-16F7-4668-BE54-9A1E7A4F7556}") = "CA_search", "CA_search\CA_search.csproj", "{25AC3A8D-4750-48AD-A01C-AD30A7BC1C82}"
EndProject
Project("{9A19103F-16F7-4668-BE54-9A1E7A4F7556}") = "CA_delete_element_in_array", "CA_delete_element_in_array\CA_delete_element_in_array.csproj", "{54DE7FF8-67F0-4D77-9DF3-E5C5C593FCBC}"
EndProject
Project("{9A19103F-16F7-4668-BE54-9A1E7A4F7556}") = "CA_divisible_by_five", "CA_divisible_by_five\CA_divisible_by_five.csproj", "{E39B386D-3F03-4AF6-AB22-020C3FFA485B}"
EndProject
Project("{9A19103F-16F7-4668-BE54-9A1E7A4F7556}") = "CA_isMirrored", "CA_isMirrored\CA_isMirrored.csproj", "{63759311-4ECF-49F5-89F8-E465BADA375F}"
EndProject
Project("{9A19103F-16F7-4668-BE54-9A1E7A4F7556}") = "CA_returnStringLetters", "CA_returnStringLetters\CA_returnStringLetters.csproj", "{31C29638-A9F7-45B7-A190-0A60CE57FAC6}"
EndProject
Project("{9A19103F-16F7-4668-BE54-9A1E7A4F7556}") = "CA_getBiggestShared", "CA_getBiggestShared\CA_getBiggestShared.csproj", "{0BE7DC0B-58C6-4E0E-93DE-61EE667B64CF}"
EndProject
Project("{9A19103F-16F7-4668-BE54-9A1E7A4F7556}") = "CA_sumOdd", "CA_sumOdd\CA_sumOdd.csproj", "{9D347907-711F-4686-B9AA-61E63558FE10}"
EndProject
Project("{9A19103F-16F7-4668-BE54-9A1E7A4F7556}") = "CA_sum_even", "CA_sum_even\CA_sum_even.csproj", "{C2C07F1F-9B15-45A5-BC50-6DC39C0E9F51}"
EndProject
Project("{9A19103F-16F7-4668-BE54-9A1E7A4F7556}") = "CA_numbers_range", "CA_numbers_range\CA_numbers_range.csproj", "{3D39341A-8E72-421A-AC66-E9F3AD18333A}"
EndProject
Project("{9A19103F-16F7-4668-BE54-9A1E7A4F7556}") = "CA_countDown", "CA_countDown\CA_countDown.csproj", "{C0EF8B02-98C1-4F94-9415-91EC512BBCF7}"
EndProject
Project("{9A19103F-16F7-4668-BE54-9A1E7A4F7556}") = "CA_exponent_x", "CA_exponent_x\CA_exponent_x.csproj", "{4B51DF9C-3B07-4E8A-B96E-8B53E9D79388}"
EndProject
Project("{9A19103F-16F7-4668-BE54-9A1E7A4F7556}") = "CA_allSameCase", "CA_allSameCase\CA_allSameCase.csproj", "{69AECAAB-B01F-4F1F-8368-7F9C7678B04F}"
EndProject
Project("{9A19103F-16F7-4668-BE54-9A1E7A4F7556}") = "CA_match_arrays", "CA_match_arrays\CA_match_arrays.csproj", "{015B5C62-79ED-419C-807B-2271D145CE52}"
EndProject
Project("{9A19103F-16F7-4668-BE54-9A1E7A4F7556}") = "CA_count_char", "CA_count_char\CA_count_char.csproj", "{50FEDB97-DB83-4BB2-85DC-0C5333BBD129}"
EndProject
Project("{9A19103F-16F7-4668-BE54-9A1E7A4F7556}") = "CA_reverse_case", "CA_reverse_case\CA_reverse_case.csproj", "{F634AE58-6632-43E9-B10F-7762CDFBD61E}"
EndProject
Project("{9A19103F-16F7-4668-BE54-9A1E7A4F7556}") = "CA_factorial", "CA_factorial\CA_factorial.csproj", "{80C6F48E-89C6-4E92-B807-39A8B9B04CFD}"
EndProject
Project("{9A19103F-16F7-4668-BE54-9A1E7A4F7556}") = "CA_operation", "CA_operation\CA_operation.csproj", "{2C43EC24-8042-41DC-9E42-524C24DD9D0E}"
EndProject
Project("{9A19103F-16F7-4668-BE54-9A1E7A4F7556}") = "CA_left_digit", "CA_left_digit\CA_left_digit.csproj", "{43A3D027-1DDA-438F-9DE0-7459FF19D27C}"
EndProject
Project("{9A19103F-16F7-4668-BE54-9A1E7A4F7556}") = "CA_mergeAndOrder", "CA_mergeAndOrder\CA_mergeAndOrder.csproj", "{F7434142-53E6-4AA8-8A33-60D14F650B90}"
EndProject
Project("{9A19103F-16F7-4668-BE54-9A1E7A4F7556}") = "CA_remove_duplicate", "CA_remove_duplicate\CA_remove_duplicate.csproj", "{CAA0D2DC-FEF8-483D-A8D7-D2E80965AFD2}"
EndProject
Project("{FAE04EC0-301F-11D3-BF4B-00C04F79EFBC}") = "CA_root_check", "CA_root_check\CA_root_check.csproj", "{F2623954-582E-4C91-9860-814135AFCD6E}"
EndProject
Project("{FAE04EC0-301F-11D3-BF4B-00C04F79EFBC}") = "CA_circumference_of_rhombus", "CA_circumference_of_rhombus\CA_circumference_of_rhombus.csproj", "{18A01DE4-A637-4D84-A417-06E360D26179}"
EndProject
Project("{FAE04EC0-301F-11D3-BF4B-00C04F79EFBC}") = "CA_get_mean", "CA_get_mean\CA_get_mean.csproj", "{67A1706A-75E1-4D9A-8C78-6832FEC2710B}"
EndProject
Project("{FAE04EC0-301F-11D3-BF4B-00C04F79EFBC}") = "CA_countdown02", "CA_countdown02\CA_countdown02.csproj", "{AD6A5838-65A7-433B-88CA-0775F3216CC4}"
EndProject
Project("{FAE04EC0-301F-11D3-BF4B-00C04F79EFBC}") = "CA_raduis", "CA_raduis\CA_raduis.csproj", "{3E76A867-C3D3-47D2-A367-40CC42C1A35E}"
EndProject
Project("{FAE04EC0-301F-11D3-BF4B-00C04F79EFBC}") = "CA_find_circle_area", "CA_find_circle_area\CA_find_circle_area.csproj", "{A772E6D5-5812-42FB-BCE5-EBEB11E2ABF4}"
EndProject
Project("{FAE04EC0-301F-11D3-BF4B-00C04F79EFBC}") = "CA_cone_volume", "CA_cone_volume\CA_cone_volume.csproj", "{D061F356-2B50-4C45-A430-68DD24A634DB}"
EndProject
Project("{FAE04EC0-301F-11D3-BF4B-00C04F79EFBC}") = "CA_calculate_sum", "CA_calculate_sum\CA_calculate_sum.csproj", "{5F97D683-02DD-4514-9494-7768137CD509}"
EndProject
Project("{FAE04EC0-301F-11D3-BF4B-00C04F79EFBC}") = "CA_calculate_circumference", "CA_calculate_circumference\CA_calculate_circumference.csproj", "{FC6665EA-911E-4D0F-A902-D03B87B5B1CC}"
EndProject
Project("{FAE04EC0-301F-11D3-BF4B-00C04F79EFBC}") = "CA_getPrimesBetween", "CA_getPrimesBetween\CA_getPrimesBetween.csproj", "{D2D2645B-EA0A-4246-A292-F67A4EECFD29}"
EndProject
Project("{FAE04EC0-301F-11D3-BF4B-00C04F79EFBC}") = "CA_cumulative_addition", "CA_cumulative_addition\CA_cumulative_addition.csproj", "{FBBC41CD-0D38-4016-BDB5-5035B16A6192}"
EndProject
Project("{FAE04EC0-301F-11D3-BF4B-00C04F79EFBC}") = "CA_average", "CA_average\CA_average.csproj", "{4BDA1E2E-6A35-418C-B42C-A06A3901E6C3}"
EndProject
Project("{FAE04EC0-301F-11D3-BF4B-00C04F79EFBC}") = "CA_hashtag_it", "CA_hashtag_it\CA_hashtag_it.csproj", "{8360585F-2060-4A24-A04B-1FA1153C7B0F}"
EndProject
Project("{FAE04EC0-301F-11D3-BF4B-00C04F79EFBC}") = "CA_repetitions", "CA_repetitions\CA_repetitions.csproj", "{CF2E8A0B-5A26-49DE-88A9-F559778DABC6}"
EndProject
Project("{FAE04EC0-301F-11D3-BF4B-00C04F79EFBC}") = "CA_gravity_flip", "CA_gravity_flip\CA_gravity_flip.csproj", "{C32DF3E7-7A00-477A-BEF5-6A75D638264C}"
EndProject
Global
	GlobalSection(SolutionConfigurationPlatforms) = preSolution
		Debug|Any CPU = Debug|Any CPU
		Release|Any CPU = Release|Any CPU
	EndGlobalSection
	GlobalSection(ProjectConfigurationPlatforms) = postSolution
		{C54E7E7E-B5C4-4C61-97EB-105523193743}.Debug|Any CPU.ActiveCfg = Debug|Any CPU
		{C54E7E7E-B5C4-4C61-97EB-105523193743}.Debug|Any CPU.Build.0 = Debug|Any CPU
		{C54E7E7E-B5C4-4C61-97EB-105523193743}.Release|Any CPU.ActiveCfg = Release|Any CPU
		{C54E7E7E-B5C4-4C61-97EB-105523193743}.Release|Any CPU.Build.0 = Release|Any CPU
		{04A59197-6B82-45E5-BAFC-F6E7D9953206}.Debug|Any CPU.ActiveCfg = Debug|Any CPU
		{04A59197-6B82-45E5-BAFC-F6E7D9953206}.Debug|Any CPU.Build.0 = Debug|Any CPU
		{04A59197-6B82-45E5-BAFC-F6E7D9953206}.Release|Any CPU.ActiveCfg = Release|Any CPU
		{04A59197-6B82-45E5-BAFC-F6E7D9953206}.Release|Any CPU.Build.0 = Release|Any CPU
		{EB276365-2F2B-4B8A-BC48-DBDA916522B8}.Debug|Any CPU.ActiveCfg = Debug|Any CPU
		{EB276365-2F2B-4B8A-BC48-DBDA916522B8}.Debug|Any CPU.Build.0 = Debug|Any CPU
		{EB276365-2F2B-4B8A-BC48-DBDA916522B8}.Release|Any CPU.ActiveCfg = Release|Any CPU
		{EB276365-2F2B-4B8A-BC48-DBDA916522B8}.Release|Any CPU.Build.0 = Release|Any CPU
		{FC1D1F79-1355-4EFA-BFD7-3BC8F7B34CF3}.Debug|Any CPU.ActiveCfg = Debug|Any CPU
		{FC1D1F79-1355-4EFA-BFD7-3BC8F7B34CF3}.Debug|Any CPU.Build.0 = Debug|Any CPU
		{FC1D1F79-1355-4EFA-BFD7-3BC8F7B34CF3}.Release|Any CPU.ActiveCfg = Release|Any CPU
		{FC1D1F79-1355-4EFA-BFD7-3BC8F7B34CF3}.Release|Any CPU.Build.0 = Release|Any CPU
		{CD814854-8972-49D4-B838-927F6E47AB9E}.Debug|Any CPU.ActiveCfg = Debug|Any CPU
		{CD814854-8972-49D4-B838-927F6E47AB9E}.Debug|Any CPU.Build.0 = Debug|Any CPU
		{CD814854-8972-49D4-B838-927F6E47AB9E}.Release|Any CPU.ActiveCfg = Release|Any CPU
		{CD814854-8972-49D4-B838-927F6E47AB9E}.Release|Any CPU.Build.0 = Release|Any CPU
		{77B01789-F9C5-44FF-A646-48CE70C000F8}.Debug|Any CPU.ActiveCfg = Debug|Any CPU
		{77B01789-F9C5-44FF-A646-48CE70C000F8}.Debug|Any CPU.Build.0 = Debug|Any CPU
		{77B01789-F9C5-44FF-A646-48CE70C000F8}.Release|Any CPU.ActiveCfg = Release|Any CPU
		{77B01789-F9C5-44FF-A646-48CE70C000F8}.Release|Any CPU.Build.0 = Release|Any CPU
		{F94E83B9-C3C8-42E3-AA9A-C42F6230CDC2}.Debug|Any CPU.ActiveCfg = Debug|Any CPU
		{F94E83B9-C3C8-42E3-AA9A-C42F6230CDC2}.Debug|Any CPU.Build.0 = Debug|Any CPU
		{F94E83B9-C3C8-42E3-AA9A-C42F6230CDC2}.Release|Any CPU.ActiveCfg = Release|Any CPU
		{F94E83B9-C3C8-42E3-AA9A-C42F6230CDC2}.Release|Any CPU.Build.0 = Release|Any CPU
		{94DE9F68-B3D8-4194-A8A0-CEE7DDDAD4F6}.Debug|Any CPU.ActiveCfg = Debug|Any CPU
		{94DE9F68-B3D8-4194-A8A0-CEE7DDDAD4F6}.Debug|Any CPU.Build.0 = Debug|Any CPU
		{94DE9F68-B3D8-4194-A8A0-CEE7DDDAD4F6}.Release|Any CPU.ActiveCfg = Release|Any CPU
		{94DE9F68-B3D8-4194-A8A0-CEE7DDDAD4F6}.Release|Any CPU.Build.0 = Release|Any CPU
		{0265F21D-4FEA-4DCB-A115-BE64A39C8EEC}.Debug|Any CPU.ActiveCfg = Debug|Any CPU
		{0265F21D-4FEA-4DCB-A115-BE64A39C8EEC}.Debug|Any CPU.Build.0 = Debug|Any CPU
		{0265F21D-4FEA-4DCB-A115-BE64A39C8EEC}.Release|Any CPU.ActiveCfg = Release|Any CPU
		{0265F21D-4FEA-4DCB-A115-BE64A39C8EEC}.Release|Any CPU.Build.0 = Release|Any CPU
		{F86B995F-82DA-4B6C-AC6A-C63914D904B8}.Debug|Any CPU.ActiveCfg = Debug|Any CPU
		{F86B995F-82DA-4B6C-AC6A-C63914D904B8}.Debug|Any CPU.Build.0 = Debug|Any CPU
		{F86B995F-82DA-4B6C-AC6A-C63914D904B8}.Release|Any CPU.ActiveCfg = Release|Any CPU
		{F86B995F-82DA-4B6C-AC6A-C63914D904B8}.Release|Any CPU.Build.0 = Release|Any CPU
		{1868467A-0FCC-46B7-AFB2-D4FE52697EF0}.Debug|Any CPU.ActiveCfg = Debug|Any CPU
		{1868467A-0FCC-46B7-AFB2-D4FE52697EF0}.Debug|Any CPU.Build.0 = Debug|Any CPU
		{1868467A-0FCC-46B7-AFB2-D4FE52697EF0}.Release|Any CPU.ActiveCfg = Release|Any CPU
		{1868467A-0FCC-46B7-AFB2-D4FE52697EF0}.Release|Any CPU.Build.0 = Release|Any CPU
		{6AB6F869-62BC-4E6B-BEE1-F573D28FAA45}.Debug|Any CPU.ActiveCfg = Debug|Any CPU
		{6AB6F869-62BC-4E6B-BEE1-F573D28FAA45}.Debug|Any CPU.Build.0 = Debug|Any CPU
		{6AB6F869-62BC-4E6B-BEE1-F573D28FAA45}.Release|Any CPU.ActiveCfg = Release|Any CPU
		{6AB6F869-62BC-4E6B-BEE1-F573D28FAA45}.Release|Any CPU.Build.0 = Release|Any CPU
		{8BC26DF5-8625-4898-B874-77708350D953}.Debug|Any CPU.ActiveCfg = Debug|Any CPU
		{8BC26DF5-8625-4898-B874-77708350D953}.Debug|Any CPU.Build.0 = Debug|Any CPU
		{8BC26DF5-8625-4898-B874-77708350D953}.Release|Any CPU.ActiveCfg = Release|Any CPU
		{8BC26DF5-8625-4898-B874-77708350D953}.Release|Any CPU.Build.0 = Release|Any CPU
		{E35AD494-155B-442E-8732-97E44C347F12}.Debug|Any CPU.ActiveCfg = Debug|Any CPU
		{E35AD494-155B-442E-8732-97E44C347F12}.Debug|Any CPU.Build.0 = Debug|Any CPU
		{E35AD494-155B-442E-8732-97E44C347F12}.Release|Any CPU.ActiveCfg = Release|Any CPU
		{E35AD494-155B-442E-8732-97E44C347F12}.Release|Any CPU.Build.0 = Release|Any CPU
		{6A1212CF-0FDB-4748-A072-C962BAEF0680}.Debug|Any CPU.ActiveCfg = Debug|Any CPU
		{6A1212CF-0FDB-4748-A072-C962BAEF0680}.Debug|Any CPU.Build.0 = Debug|Any CPU
		{6A1212CF-0FDB-4748-A072-C962BAEF0680}.Release|Any CPU.ActiveCfg = Release|Any CPU
		{6A1212CF-0FDB-4748-A072-C962BAEF0680}.Release|Any CPU.Build.0 = Release|Any CPU
		{25AC3A8D-4750-48AD-A01C-AD30A7BC1C82}.Debug|Any CPU.ActiveCfg = Debug|Any CPU
		{25AC3A8D-4750-48AD-A01C-AD30A7BC1C82}.Debug|Any CPU.Build.0 = Debug|Any CPU
		{25AC3A8D-4750-48AD-A01C-AD30A7BC1C82}.Release|Any CPU.ActiveCfg = Release|Any CPU
		{25AC3A8D-4750-48AD-A01C-AD30A7BC1C82}.Release|Any CPU.Build.0 = Release|Any CPU
		{54DE7FF8-67F0-4D77-9DF3-E5C5C593FCBC}.Debug|Any CPU.ActiveCfg = Debug|Any CPU
		{54DE7FF8-67F0-4D77-9DF3-E5C5C593FCBC}.Debug|Any CPU.Build.0 = Debug|Any CPU
		{54DE7FF8-67F0-4D77-9DF3-E5C5C593FCBC}.Release|Any CPU.ActiveCfg = Release|Any CPU
		{54DE7FF8-67F0-4D77-9DF3-E5C5C593FCBC}.Release|Any CPU.Build.0 = Release|Any CPU
		{E39B386D-3F03-4AF6-AB22-020C3FFA485B}.Debug|Any CPU.ActiveCfg = Debug|Any CPU
		{E39B386D-3F03-4AF6-AB22-020C3FFA485B}.Debug|Any CPU.Build.0 = Debug|Any CPU
		{E39B386D-3F03-4AF6-AB22-020C3FFA485B}.Release|Any CPU.ActiveCfg = Release|Any CPU
		{E39B386D-3F03-4AF6-AB22-020C3FFA485B}.Release|Any CPU.Build.0 = Release|Any CPU
		{63759311-4ECF-49F5-89F8-E465BADA375F}.Debug|Any CPU.ActiveCfg = Debug|Any CPU
		{63759311-4ECF-49F5-89F8-E465BADA375F}.Debug|Any CPU.Build.0 = Debug|Any CPU
		{63759311-4ECF-49F5-89F8-E465BADA375F}.Release|Any CPU.ActiveCfg = Release|Any CPU
		{63759311-4ECF-49F5-89F8-E465BADA375F}.Release|Any CPU.Build.0 = Release|Any CPU
		{31C29638-A9F7-45B7-A190-0A60CE57FAC6}.Debug|Any CPU.ActiveCfg = Debug|Any CPU
		{31C29638-A9F7-45B7-A190-0A60CE57FAC6}.Debug|Any CPU.Build.0 = Debug|Any CPU
		{31C29638-A9F7-45B7-A190-0A60CE57FAC6}.Release|Any CPU.ActiveCfg = Release|Any CPU
		{31C29638-A9F7-45B7-A190-0A60CE57FAC6}.Release|Any CPU.Build.0 = Release|Any CPU
		{0BE7DC0B-58C6-4E0E-93DE-61EE667B64CF}.Debug|Any CPU.ActiveCfg = Debug|Any CPU
		{0BE7DC0B-58C6-4E0E-93DE-61EE667B64CF}.Debug|Any CPU.Build.0 = Debug|Any CPU
		{0BE7DC0B-58C6-4E0E-93DE-61EE667B64CF}.Release|Any CPU.ActiveCfg = Release|Any CPU
		{0BE7DC0B-58C6-4E0E-93DE-61EE667B64CF}.Release|Any CPU.Build.0 = Release|Any CPU
		{9D347907-711F-4686-B9AA-61E63558FE10}.Debug|Any CPU.ActiveCfg = Debug|Any CPU
		{9D347907-711F-4686-B9AA-61E63558FE10}.Debug|Any CPU.Build.0 = Debug|Any CPU
		{9D347907-711F-4686-B9AA-61E63558FE10}.Release|Any CPU.ActiveCfg = Release|Any CPU
		{9D347907-711F-4686-B9AA-61E63558FE10}.Release|Any CPU.Build.0 = Release|Any CPU
		{C2C07F1F-9B15-45A5-BC50-6DC39C0E9F51}.Debug|Any CPU.ActiveCfg = Debug|Any CPU
		{C2C07F1F-9B15-45A5-BC50-6DC39C0E9F51}.Debug|Any CPU.Build.0 = Debug|Any CPU
		{C2C07F1F-9B15-45A5-BC50-6DC39C0E9F51}.Release|Any CPU.ActiveCfg = Release|Any CPU
		{C2C07F1F-9B15-45A5-BC50-6DC39C0E9F51}.Release|Any CPU.Build.0 = Release|Any CPU
		{3D39341A-8E72-421A-AC66-E9F3AD18333A}.Debug|Any CPU.ActiveCfg = Debug|Any CPU
		{3D39341A-8E72-421A-AC66-E9F3AD18333A}.Debug|Any CPU.Build.0 = Debug|Any CPU
		{3D39341A-8E72-421A-AC66-E9F3AD18333A}.Release|Any CPU.ActiveCfg = Release|Any CPU
		{3D39341A-8E72-421A-AC66-E9F3AD18333A}.Release|Any CPU.Build.0 = Release|Any CPU
		{C0EF8B02-98C1-4F94-9415-91EC512BBCF7}.Debug|Any CPU.ActiveCfg = Debug|Any CPU
		{C0EF8B02-98C1-4F94-9415-91EC512BBCF7}.Debug|Any CPU.Build.0 = Debug|Any CPU
		{C0EF8B02-98C1-4F94-9415-91EC512BBCF7}.Release|Any CPU.ActiveCfg = Release|Any CPU
		{C0EF8B02-98C1-4F94-9415-91EC512BBCF7}.Release|Any CPU.Build.0 = Release|Any CPU
		{4B51DF9C-3B07-4E8A-B96E-8B53E9D79388}.Debug|Any CPU.ActiveCfg = Debug|Any CPU
		{4B51DF9C-3B07-4E8A-B96E-8B53E9D79388}.Debug|Any CPU.Build.0 = Debug|Any CPU
		{4B51DF9C-3B07-4E8A-B96E-8B53E9D79388}.Release|Any CPU.ActiveCfg = Release|Any CPU
		{4B51DF9C-3B07-4E8A-B96E-8B53E9D79388}.Release|Any CPU.Build.0 = Release|Any CPU
		{69AECAAB-B01F-4F1F-8368-7F9C7678B04F}.Debug|Any CPU.ActiveCfg = Debug|Any CPU
		{69AECAAB-B01F-4F1F-8368-7F9C7678B04F}.Debug|Any CPU.Build.0 = Debug|Any CPU
		{69AECAAB-B01F-4F1F-8368-7F9C7678B04F}.Release|Any CPU.ActiveCfg = Release|Any CPU
		{69AECAAB-B01F-4F1F-8368-7F9C7678B04F}.Release|Any CPU.Build.0 = Release|Any CPU
		{015B5C62-79ED-419C-807B-2271D145CE52}.Debug|Any CPU.ActiveCfg = Debug|Any CPU
		{015B5C62-79ED-419C-807B-2271D145CE52}.Debug|Any CPU.Build.0 = Debug|Any CPU
		{015B5C62-79ED-419C-807B-2271D145CE52}.Release|Any CPU.ActiveCfg = Release|Any CPU
		{015B5C62-79ED-419C-807B-2271D145CE52}.Release|Any CPU.Build.0 = Release|Any CPU
		{50FEDB97-DB83-4BB2-85DC-0C5333BBD129}.Debug|Any CPU.ActiveCfg = Debug|Any CPU
		{50FEDB97-DB83-4BB2-85DC-0C5333BBD129}.Debug|Any CPU.Build.0 = Debug|Any CPU
		{50FEDB97-DB83-4BB2-85DC-0C5333BBD129}.Release|Any CPU.ActiveCfg = Release|Any CPU
		{50FEDB97-DB83-4BB2-85DC-0C5333BBD129}.Release|Any CPU.Build.0 = Release|Any CPU
		{F634AE58-6632-43E9-B10F-7762CDFBD61E}.Debug|Any CPU.ActiveCfg = Debug|Any CPU
		{F634AE58-6632-43E9-B10F-7762CDFBD61E}.Debug|Any CPU.Build.0 = Debug|Any CPU
		{F634AE58-6632-43E9-B10F-7762CDFBD61E}.Release|Any CPU.ActiveCfg = Release|Any CPU
		{F634AE58-6632-43E9-B10F-7762CDFBD61E}.Release|Any CPU.Build.0 = Release|Any CPU
		{80C6F48E-89C6-4E92-B807-39A8B9B04CFD}.Debug|Any CPU.ActiveCfg = Debug|Any CPU
		{80C6F48E-89C6-4E92-B807-39A8B9B04CFD}.Debug|Any CPU.Build.0 = Debug|Any CPU
		{80C6F48E-89C6-4E92-B807-39A8B9B04CFD}.Release|Any CPU.ActiveCfg = Release|Any CPU
		{80C6F48E-89C6-4E92-B807-39A8B9B04CFD}.Release|Any CPU.Build.0 = Release|Any CPU
		{2C43EC24-8042-41DC-9E42-524C24DD9D0E}.Debug|Any CPU.ActiveCfg = Debug|Any CPU
		{2C43EC24-8042-41DC-9E42-524C24DD9D0E}.Debug|Any CPU.Build.0 = Debug|Any CPU
		{2C43EC24-8042-41DC-9E42-524C24DD9D0E}.Release|Any CPU.ActiveCfg = Release|Any CPU
		{2C43EC24-8042-41DC-9E42-524C24DD9D0E}.Release|Any CPU.Build.0 = Release|Any CPU
		{43A3D027-1DDA-438F-9DE0-7459FF19D27C}.Debug|Any CPU.ActiveCfg = Debug|Any CPU
		{43A3D027-1DDA-438F-9DE0-7459FF19D27C}.Debug|Any CPU.Build.0 = Debug|Any CPU
		{43A3D027-1DDA-438F-9DE0-7459FF19D27C}.Release|Any CPU.ActiveCfg = Release|Any CPU
		{43A3D027-1DDA-438F-9DE0-7459FF19D27C}.Release|Any CPU.Build.0 = Release|Any CPU
		{F7434142-53E6-4AA8-8A33-60D14F650B90}.Debug|Any CPU.ActiveCfg = Debug|Any CPU
		{F7434142-53E6-4AA8-8A33-60D14F650B90}.Debug|Any CPU.Build.0 = Debug|Any CPU
		{F7434142-53E6-4AA8-8A33-60D14F650B90}.Release|Any CPU.ActiveCfg = Release|Any CPU
		{F7434142-53E6-4AA8-8A33-60D14F650B90}.Release|Any CPU.Build.0 = Release|Any CPU
		{CAA0D2DC-FEF8-483D-A8D7-D2E80965AFD2}.Debug|Any CPU.ActiveCfg = Debug|Any CPU
		{CAA0D2DC-FEF8-483D-A8D7-D2E80965AFD2}.Debug|Any CPU.Build.0 = Debug|Any CPU
		{CAA0D2DC-FEF8-483D-A8D7-D2E80965AFD2}.Release|Any CPU.ActiveCfg = Release|Any CPU
		{CAA0D2DC-FEF8-483D-A8D7-D2E80965AFD2}.Release|Any CPU.Build.0 = Release|Any CPU
		{F2623954-582E-4C91-9860-814135AFCD6E}.Debug|Any CPU.ActiveCfg = Debug|Any CPU
		{F2623954-582E-4C91-9860-814135AFCD6E}.Debug|Any CPU.Build.0 = Debug|Any CPU
		{F2623954-582E-4C91-9860-814135AFCD6E}.Release|Any CPU.ActiveCfg = Release|Any CPU
		{F2623954-582E-4C91-9860-814135AFCD6E}.Release|Any CPU.Build.0 = Release|Any CPU
		{18A01DE4-A637-4D84-A417-06E360D26179}.Debug|Any CPU.ActiveCfg = Debug|Any CPU
		{18A01DE4-A637-4D84-A417-06E360D26179}.Debug|Any CPU.Build.0 = Debug|Any CPU
		{18A01DE4-A637-4D84-A417-06E360D26179}.Release|Any CPU.ActiveCfg = Release|Any CPU
		{18A01DE4-A637-4D84-A417-06E360D26179}.Release|Any CPU.Build.0 = Release|Any CPU
		{67A1706A-75E1-4D9A-8C78-6832FEC2710B}.Debug|Any CPU.ActiveCfg = Debug|Any CPU
		{67A1706A-75E1-4D9A-8C78-6832FEC2710B}.Debug|Any CPU.Build.0 = Debug|Any CPU
		{67A1706A-75E1-4D9A-8C78-6832FEC2710B}.Release|Any CPU.ActiveCfg = Release|Any CPU
		{67A1706A-75E1-4D9A-8C78-6832FEC2710B}.Release|Any CPU.Build.0 = Release|Any CPU
		{AD6A5838-65A7-433B-88CA-0775F3216CC4}.Debug|Any CPU.ActiveCfg = Debug|Any CPU
		{AD6A5838-65A7-433B-88CA-0775F3216CC4}.Debug|Any CPU.Build.0 = Debug|Any CPU
		{AD6A5838-65A7-433B-88CA-0775F3216CC4}.Release|Any CPU.ActiveCfg = Release|Any CPU
		{AD6A5838-65A7-433B-88CA-0775F3216CC4}.Release|Any CPU.Build.0 = Release|Any CPU
		{3E76A867-C3D3-47D2-A367-40CC42C1A35E}.Debug|Any CPU.ActiveCfg = Debug|Any CPU
		{3E76A867-C3D3-47D2-A367-40CC42C1A35E}.Debug|Any CPU.Build.0 = Debug|Any CPU
		{3E76A867-C3D3-47D2-A367-40CC42C1A35E}.Release|Any CPU.ActiveCfg = Release|Any CPU
		{3E76A867-C3D3-47D2-A367-40CC42C1A35E}.Release|Any CPU.Build.0 = Release|Any CPU
		{A772E6D5-5812-42FB-BCE5-EBEB11E2ABF4}.Debug|Any CPU.ActiveCfg = Debug|Any CPU
		{A772E6D5-5812-42FB-BCE5-EBEB11E2ABF4}.Debug|Any CPU.Build.0 = Debug|Any CPU
		{A772E6D5-5812-42FB-BCE5-EBEB11E2ABF4}.Release|Any CPU.ActiveCfg = Release|Any CPU
		{A772E6D5-5812-42FB-BCE5-EBEB11E2ABF4}.Release|Any CPU.Build.0 = Release|Any CPU
		{D061F356-2B50-4C45-A430-68DD24A634DB}.Debug|Any CPU.ActiveCfg = Debug|Any CPU
		{D061F356-2B50-4C45-A430-68DD24A634DB}.Debug|Any CPU.Build.0 = Debug|Any CPU
		{D061F356-2B50-4C45-A430-68DD24A634DB}.Release|Any CPU.ActiveCfg = Release|Any CPU
		{D061F356-2B50-4C45-A430-68DD24A634DB}.Release|Any CPU.Build.0 = Release|Any CPU
		{5F97D683-02DD-4514-9494-7768137CD509}.Debug|Any CPU.ActiveCfg = Debug|Any CPU
		{5F97D683-02DD-4514-9494-7768137CD509}.Debug|Any CPU.Build.0 = Debug|Any CPU
		{5F97D683-02DD-4514-9494-7768137CD509}.Release|Any CPU.ActiveCfg = Release|Any CPU
		{5F97D683-02DD-4514-9494-7768137CD509}.Release|Any CPU.Build.0 = Release|Any CPU
		{FC6665EA-911E-4D0F-A902-D03B87B5B1CC}.Debug|Any CPU.ActiveCfg = Debug|Any CPU
		{FC6665EA-911E-4D0F-A902-D03B87B5B1CC}.Debug|Any CPU.Build.0 = Debug|Any CPU
		{FC6665EA-911E-4D0F-A902-D03B87B5B1CC}.Release|Any CPU.ActiveCfg = Release|Any CPU
		{FC6665EA-911E-4D0F-A902-D03B87B5B1CC}.Release|Any CPU.Build.0 = Release|Any CPU
		{D2D2645B-EA0A-4246-A292-F67A4EECFD29}.Debug|Any CPU.ActiveCfg = Debug|Any CPU
		{D2D2645B-EA0A-4246-A292-F67A4EECFD29}.Debug|Any CPU.Build.0 = Debug|Any CPU
		{D2D2645B-EA0A-4246-A292-F67A4EECFD29}.Release|Any CPU.ActiveCfg = Release|Any CPU
		{D2D2645B-EA0A-4246-A292-F67A4EECFD29}.Release|Any CPU.Build.0 = Release|Any CPU
		{FBBC41CD-0D38-4016-BDB5-5035B16A6192}.Debug|Any CPU.ActiveCfg = Debug|Any CPU
		{FBBC41CD-0D38-4016-BDB5-5035B16A6192}.Debug|Any CPU.Build.0 = Debug|Any CPU
		{FBBC41CD-0D38-4016-BDB5-5035B16A6192}.Release|Any CPU.ActiveCfg = Release|Any CPU
		{FBBC41CD-0D38-4016-BDB5-5035B16A6192}.Release|Any CPU.Build.0 = Release|Any CPU
		{4BDA1E2E-6A35-418C-B42C-A06A3901E6C3}.Debug|Any CPU.ActiveCfg = Debug|Any CPU
		{4BDA1E2E-6A35-418C-B42C-A06A3901E6C3}.Debug|Any CPU.Build.0 = Debug|Any CPU
		{4BDA1E2E-6A35-418C-B42C-A06A3901E6C3}.Release|Any CPU.ActiveCfg = Release|Any CPU
		{4BDA1E2E-6A35-418C-B42C-A06A3901E6C3}.Release|Any CPU.Build.0 = Release|Any CPU
		{8360585F-2060-4A24-A04B-1FA1153C7B0F}.Debug|Any CPU.ActiveCfg = Debug|Any CPU
		{8360585F-2060-4A24-A04B-1FA1153C7B0F}.Debug|Any CPU.Build.0 = Debug|Any CPU
		{8360585F-2060-4A24-A04B-1FA1153C7B0F}.Release|Any CPU.ActiveCfg = Release|Any CPU
		{8360585F-2060-4A24-A04B-1FA1153C7B0F}.Release|Any CPU.Build.0 = Release|Any CPU
		{CF2E8A0B-5A26-49DE-88A9-F559778DABC6}.Debug|Any CPU.ActiveCfg = Debug|Any CPU
		{CF2E8A0B-5A26-49DE-88A9-F559778DABC6}.Debug|Any CPU.Build.0 = Debug|Any CPU
		{CF2E8A0B-5A26-49DE-88A9-F559778DABC6}.Release|Any CPU.ActiveCfg = Release|Any CPU
		{CF2E8A0B-5A26-49DE-88A9-F559778DABC6}.Release|Any CPU.Build.0 = Release|Any CPU
		{C32DF3E7-7A00-477A-BEF5-6A75D638264C}.Debug|Any CPU.ActiveCfg = Debug|Any CPU
		{C32DF3E7-7A00-477A-BEF5-6A75D638264C}.Debug|Any CPU.Build.0 = Debug|Any CPU
		{C32DF3E7-7A00-477A-BEF5-6A75D638264C}.Release|Any CPU.ActiveCfg = Release|Any CPU
		{C32DF3E7-7A00-477A-BEF5-6A75D638264C}.Release|Any CPU.Build.0 = Release|Any CPU
	EndGlobalSection
	GlobalSection(SolutionProperties) = preSolution
		HideSolutionNode = FALSE
	EndGlobalSection
	GlobalSection(ExtensibilityGlobals) = postSolution
		SolutionGuid = {034484EA-1659-45F9-967C-4DD51F08E1F2}
	EndGlobalSection
EndGlobal
